
Microsoft Visual Studio Solution File, Format Version 12.00
# Visual Studio Version 17
VisualStudioVersion = 17.1.32421.90
MinimumVisualStudioVersion = 10.0.40219.1
Project("{2150E333-8FDC-42A3-9474-1A3956D46DE8}") = "AccountService", "AccountService", "{752A42CC-D3EA-4138-B914-2DF955A49FA4}"
EndProject
Project("{2150E333-8FDC-42A3-9474-1A3956D46DE8}") = "src", "src", "{267EFA1F-D950-4B62-9C19-6AC9509AE303}"
EndProject
Project("{2150E333-8FDC-42A3-9474-1A3956D46DE8}") = "FundTransferService", "FundTransferService", "{548EB502-2A7D-4ACD-9B8A-801383CA0B9D}"
EndProject
Project("{2150E333-8FDC-42A3-9474-1A3956D46DE8}") = "src", "src", "{2A17A77D-AB5F-46E9-9A18-859BC0B721A4}"
EndProject
Project("{9A19103F-16F7-4668-BE54-9A1E7A4F7556}") = "AccountService.Api", "AccountService\src\AccountService.Api\AccountService.Api.csproj", "{794C5B10-E666-4687-A740-F6E6A167E697}"
EndProject
Project("{9A19103F-16F7-4668-BE54-9A1E7A4F7556}") = "AccountService.Core", "AccountService\src\AccountService.Core\AccountService.Core.csproj", "{AC77D241-46F3-4DFE-9586-40A4847B7E22}"
EndProject
Project("{9A19103F-16F7-4668-BE54-9A1E7A4F7556}") = "AccountService.Infrastructure", "AccountService\src\AccountService.Infrastructure\AccountService.Infrastructure.csproj", "{40AC0A03-E5F5-424C-936D-7BAD90CCBA48}"
EndProject
Project("{9A19103F-16F7-4668-BE54-9A1E7A4F7556}") = "AccountService.UnitTest", "AccountService\AccountService.UnitTest\AccountService.UnitTest.csproj", "{870BA908-2583-4719-95F8-40E25CA0F294}"
EndProject
Project("{9A19103F-16F7-4668-BE54-9A1E7A4F7556}") = "FundTransferService.Api", "FundTransferService\src\FundTransferService.Api\FundTransferService.Api.csproj", "{33A9C3AC-A516-4091-AB74-6E00D812E696}"
EndProject
Project("{9A19103F-16F7-4668-BE54-9A1E7A4F7556}") = "FundTransferService.UnitTest", "FundTransferService\FundTransferService.UnitTest\FundTransferService.UnitTest.csproj", "{EA5CC287-B9F5-4A19-85F6-474993487669}"
EndProject
Global
	GlobalSection(SolutionConfigurationPlatforms) = preSolution
		Debug|Any CPU = Debug|Any CPU
		Release|Any CPU = Release|Any CPU
	EndGlobalSection
	GlobalSection(ProjectConfigurationPlatforms) = postSolution
		{794C5B10-E666-4687-A740-F6E6A167E697}.Debug|Any CPU.ActiveCfg = Debug|Any CPU
		{794C5B10-E666-4687-A740-F6E6A167E697}.Debug|Any CPU.Build.0 = Debug|Any CPU
		{794C5B10-E666-4687-A740-F6E6A167E697}.Release|Any CPU.ActiveCfg = Release|Any CPU
		{794C5B10-E666-4687-A740-F6E6A167E697}.Release|Any CPU.Build.0 = Release|Any CPU
		{AC77D241-46F3-4DFE-9586-40A4847B7E22}.Debug|Any CPU.ActiveCfg = Debug|Any CPU
		{AC77D241-46F3-4DFE-9586-40A4847B7E22}.Debug|Any CPU.Build.0 = Debug|Any CPU
		{AC77D241-46F3-4DFE-9586-40A4847B7E22}.Release|Any CPU.ActiveCfg = Release|Any CPU
		{AC77D241-46F3-4DFE-9586-40A4847B7E22}.Release|Any CPU.Build.0 = Release|Any CPU
		{40AC0A03-E5F5-424C-936D-7BAD90CCBA48}.Debug|Any CPU.ActiveCfg = Debug|Any CPU
		{40AC0A03-E5F5-424C-936D-7BAD90CCBA48}.Debug|Any CPU.Build.0 = Debug|Any CPU
		{40AC0A03-E5F5-424C-936D-7BAD90CCBA48}.Release|Any CPU.ActiveCfg = Release|Any CPU
		{40AC0A03-E5F5-424C-936D-7BAD90CCBA48}.Release|Any CPU.Build.0 = Release|Any CPU
		{870BA908-2583-4719-95F8-40E25CA0F294}.Debug|Any CPU.ActiveCfg = Debug|Any CPU
		{870BA908-2583-4719-95F8-40E25CA0F294}.Debug|Any CPU.Build.0 = Debug|Any CPU
		{870BA908-2583-4719-95F8-40E25CA0F294}.Release|Any CPU.ActiveCfg = Release|Any CPU
		{870BA908-2583-4719-95F8-40E25CA0F294}.Release|Any CPU.Build.0 = Release|Any CPU
		{33A9C3AC-A516-4091-AB74-6E00D812E696}.Debug|Any CPU.ActiveCfg = Debug|Any CPU
		{33A9C3AC-A516-4091-AB74-6E00D812E696}.Debug|Any CPU.Build.0 = Debug|Any CPU
		{33A9C3AC-A516-4091-AB74-6E00D812E696}.Release|Any CPU.ActiveCfg = Release|Any CPU
		{33A9C3AC-A516-4091-AB74-6E00D812E696}.Release|Any CPU.Build.0 = Release|Any CPU
		{EA5CC287-B9F5-4A19-85F6-474993487669}.Debug|Any CPU.ActiveCfg = Debug|Any CPU
		{EA5CC287-B9F5-4A19-85F6-474993487669}.Debug|Any CPU.Build.0 = Debug|Any CPU
		{EA5CC287-B9F5-4A19-85F6-474993487669}.Release|Any CPU.ActiveCfg = Release|Any CPU
		{EA5CC287-B9F5-4A19-85F6-474993487669}.Release|Any CPU.Build.0 = Release|Any CPU
	EndGlobalSection
	GlobalSection(SolutionProperties) = preSolution
		HideSolutionNode = FALSE
	EndGlobalSection
	GlobalSection(NestedProjects) = preSolution
		{267EFA1F-D950-4B62-9C19-6AC9509AE303} = {752A42CC-D3EA-4138-B914-2DF955A49FA4}
		{2A17A77D-AB5F-46E9-9A18-859BC0B721A4} = {548EB502-2A7D-4ACD-9B8A-801383CA0B9D}
		{794C5B10-E666-4687-A740-F6E6A167E697} = {267EFA1F-D950-4B62-9C19-6AC9509AE303}
		{AC77D241-46F3-4DFE-9586-40A4847B7E22} = {267EFA1F-D950-4B62-9C19-6AC9509AE303}
		{40AC0A03-E5F5-424C-936D-7BAD90CCBA48} = {267EFA1F-D950-4B62-9C19-6AC9509AE303}
		{870BA908-2583-4719-95F8-40E25CA0F294} = {267EFA1F-D950-4B62-9C19-6AC9509AE303}
		{33A9C3AC-A516-4091-AB74-6E00D812E696} = {2A17A77D-AB5F-46E9-9A18-859BC0B721A4}
		{EA5CC287-B9F5-4A19-85F6-474993487669} = {2A17A77D-AB5F-46E9-9A18-859BC0B721A4}
	EndGlobalSection
	GlobalSection(ExtensibilityGlobals) = postSolution
		SolutionGuid = {5A7E651F-2055-4EEC-AC96-E38CC0C30BDB}
	EndGlobalSection
EndGlobal
